// !$*UTF8*$!
{
	archiveVersion = 1;
	classes = {
	};
	objectVersion = 50;
	objects = {

/* Begin PBXBuildFile section */
		3213618D226886EE00466296 /* TitleController.swift in Sources */ = {isa = PBXBuildFile; fileRef = 3213618C226886EE00466296 /* TitleController.swift */; };
		32309C832264BB20003FB84D /* AppDelegate.swift in Sources */ = {isa = PBXBuildFile; fileRef = 32309C822264BB20003FB84D /* AppDelegate.swift */; };
		32309C852264BB20003FB84D /* ViewController.swift in Sources */ = {isa = PBXBuildFile; fileRef = 32309C842264BB20003FB84D /* ViewController.swift */; };
		32309C882264BB20003FB84D /* Main.storyboard in Resources */ = {isa = PBXBuildFile; fileRef = 32309C862264BB20003FB84D /* Main.storyboard */; };
		32309C8A2264BB20003FB84D /* Assets.xcassets in Resources */ = {isa = PBXBuildFile; fileRef = 32309C892264BB20003FB84D /* Assets.xcassets */; };
		32309C8D2264BB20003FB84D /* LaunchScreen.storyboard in Resources */ = {isa = PBXBuildFile; fileRef = 32309C8B2264BB20003FB84D /* LaunchScreen.storyboard */; };
		3241B66A226ABEE300C7E9E7 /* ResultController.swift in Sources */ = {isa = PBXBuildFile; fileRef = 3241B669226ABEE300C7E9E7 /* ResultController.swift */; };
		32F6B75022673CE500FBFBEA /* WordSettingController.swift in Sources */ = {isa = PBXBuildFile; fileRef = 32F6B74F22673CE500FBFBEA /* WordSettingController.swift */; };
		32F6B75222673D1A00FBFBEA /* MemberSettingController.swift in Sources */ = {isa = PBXBuildFile; fileRef = 32F6B75122673D1A00FBFBEA /* MemberSettingController.swift */; };
		32F6B75422673D4C00FBFBEA /* GameController.swift in Sources */ = {isa = PBXBuildFile; fileRef = 32F6B75322673D4C00FBFBEA /* GameController.swift */; };
/* End PBXBuildFile section */

/* Begin PBXFileReference section */
		3213618C226886EE00466296 /* TitleController.swift */ = {isa = PBXFileReference; lastKnownFileType = sourcecode.swift; path = TitleController.swift; sourceTree = "<group>"; };
		32309C7F2264BB20003FB84D /* shout_out.app */ = {isa = PBXFileReference; explicitFileType = wrapper.application; includeInIndex = 0; path = shout_out.app; sourceTree = BUILT_PRODUCTS_DIR; };
		32309C822264BB20003FB84D /* AppDelegate.swift */ = {isa = PBXFileReference; lastKnownFileType = sourcecode.swift; path = AppDelegate.swift; sourceTree = "<group>"; };
		32309C842264BB20003FB84D /* ViewController.swift */ = {isa = PBXFileReference; lastKnownFileType = sourcecode.swift; path = ViewController.swift; sourceTree = "<group>"; };
		32309C872264BB20003FB84D /* Base */ = {isa = PBXFileReference; lastKnownFileType = file.storyboard; name = Base; path = Base.lproj/Main.storyboard; sourceTree = "<group>"; };
		32309C892264BB20003FB84D /* Assets.xcassets */ = {isa = PBXFileReference; lastKnownFileType = folder.assetcatalog; path = Assets.xcassets; sourceTree = "<group>"; };
		32309C8C2264BB20003FB84D /* Base */ = {isa = PBXFileReference; lastKnownFileType = file.storyboard; name = Base; path = Base.lproj/LaunchScreen.storyboard; sourceTree = "<group>"; };
		32309C8E2264BB20003FB84D /* Info.plist */ = {isa = PBXFileReference; lastKnownFileType = text.plist.xml; path = Info.plist; sourceTree = "<group>"; };
		3241B669226ABEE300C7E9E7 /* ResultController.swift */ = {isa = PBXFileReference; lastKnownFileType = sourcecode.swift; path = ResultController.swift; sourceTree = "<group>"; };
		32F6B74F22673CE500FBFBEA /* WordSettingController.swift */ = {isa = PBXFileReference; lastKnownFileType = sourcecode.swift; path = WordSettingController.swift; sourceTree = "<group>"; };
		32F6B75122673D1A00FBFBEA /* MemberSettingController.swift */ = {isa = PBXFileReference; lastKnownFileType = sourcecode.swift; path = MemberSettingController.swift; sourceTree = "<group>"; };
		32F6B75322673D4C00FBFBEA /* GameController.swift */ = {isa = PBXFileReference; lastKnownFileType = sourcecode.swift; path = GameController.swift; sourceTree = "<group>"; };
/* End PBXFileReference section */

/* Begin PBXFrameworksBuildPhase section */
		32309C7C2264BB20003FB84D /* Frameworks */ = {
			isa = PBXFrameworksBuildPhase;
			buildActionMask = 2147483647;
			files = (
			);
			runOnlyForDeploymentPostprocessing = 0;
		};
/* End PBXFrameworksBuildPhase section */

/* Begin PBXGroup section */
		32309C762264BB20003FB84D = {
			isa = PBXGroup;
			children = (
				32309C812264BB20003FB84D /* shout_out */,
				32309C802264BB20003FB84D /* Products */,
			);
			sourceTree = "<group>";
		};
		32309C802264BB20003FB84D /* Products */ = {
			isa = PBXGroup;
			children = (
				32309C7F2264BB20003FB84D /* shout_out.app */,
			);
			name = Products;
			sourceTree = "<group>";
		};
		32309C812264BB20003FB84D /* shout_out */ = {
			isa = PBXGroup;
			children = (
				3213618C226886EE00466296 /* TitleController.swift */,
				32F6B74F22673CE500FBFBEA /* WordSettingController.swift */,
				32F6B75122673D1A00FBFBEA /* MemberSettingController.swift */,
				32F6B75322673D4C00FBFBEA /* GameController.swift */,
				3241B669226ABEE300C7E9E7 /* ResultController.swift */,
				32309C822264BB20003FB84D /* AppDelegate.swift */,
				32309C842264BB20003FB84D /* ViewController.swift */,
				32309C862264BB20003FB84D /* Main.storyboard */,
				32309C892264BB20003FB84D /* Assets.xcassets */,
				32309C8B2264BB20003FB84D /* LaunchScreen.storyboard */,
				32309C8E2264BB20003FB84D /* Info.plist */,
			);
			path = shout_out;
			sourceTree = "<group>";
		};
/* End PBXGroup section */

/* Begin PBXNativeTarget section */
		32309C7E2264BB20003FB84D /* shout_out */ = {
			isa = PBXNativeTarget;
			buildConfigurationList = 32309C912264BB20003FB84D /* Build configuration list for PBXNativeTarget "shout_out" */;
			buildPhases = (
				32309C7B2264BB20003FB84D /* Sources */,
				32309C7C2264BB20003FB84D /* Frameworks */,
				32309C7D2264BB20003FB84D /* Resources */,
			);
			buildRules = (
			);
			dependencies = (
			);
			name = shout_out;
			productName = shout_out;
			productReference = 32309C7F2264BB20003FB84D /* shout_out.app */;
			productType = "com.apple.product-type.application";
		};
/* End PBXNativeTarget section */

/* Begin PBXProject section */
		32309C772264BB20003FB84D /* Project object */ = {
			isa = PBXProject;
			attributes = {
				LastSwiftUpdateCheck = 1020;
				LastUpgradeCheck = 1020;
				ORGANIZATIONNAME = shiboy_aaashot;
				TargetAttributes = {
					32309C7E2264BB20003FB84D = {
						CreatedOnToolsVersion = 10.2;
					};
				};
			};
			buildConfigurationList = 32309C7A2264BB20003FB84D /* Build configuration list for PBXProject "shout_out" */;
			compatibilityVersion = "Xcode 9.3";
			developmentRegion = en;
			hasScannedForEncodings = 0;
			knownRegions = (
				en,
				Base,
			);
			mainGroup = 32309C762264BB20003FB84D;
			productRefGroup = 32309C802264BB20003FB84D /* Products */;
			projectDirPath = "";
			projectRoot = "";
			targets = (
				32309C7E2264BB20003FB84D /* shout_out */,
			);
		};
/* End PBXProject section */

/* Begin PBXResourcesBuildPhase section */
		32309C7D2264BB20003FB84D /* Resources */ = {
			isa = PBXResourcesBuildPhase;
			buildActionMask = 2147483647;
			files = (
				32309C8D2264BB20003FB84D /* LaunchScreen.storyboard in Resources */,
				32309C8A2264BB20003FB84D /* Assets.xcassets in Resources */,
				32309C882264BB20003FB84D /* Main.storyboard in Resources */,
			);
			runOnlyForDeploymentPostprocessing = 0;
		};
/* End PBXResourcesBuildPhase section */

/* Begin PBXSourcesBuildPhase section */
		32309C7B2264BB20003FB84D /* Sources */ = {
			isa = PBXSourcesBuildPhase;
			buildActionMask = 2147483647;
			files = (
				3213618D226886EE00466296 /* TitleController.swift in Sources */,
				32309C852264BB20003FB84D /* ViewController.swift in Sources */,
				32F6B75422673D4C00FBFBEA /* GameController.swift in Sources */,
				32309C832264BB20003FB84D /* AppDelegate.swift in Sources */,
				32F6B75222673D1A00FBFBEA /* MemberSettingController.swift in Sources */,
				3241B66A226ABEE300C7E9E7 /* ResultController.swift in Sources */,
				32F6B75022673CE500FBFBEA /* WordSettingController.swift in Sources */,
			);
			runOnlyForDeploymentPostprocessing = 0;
		};
/* End PBXSourcesBuildPhase section */

/* Begin PBXVariantGroup section */
		32309C862264BB20003FB84D /* Main.storyboard */ = {
			isa = PBXVariantGroup;
			children = (
				32309C872264BB20003FB84D /* Base */,
			);
			name = Main.storyboard;
			sourceTree = "<group>";
		};
		32309C8B2264BB20003FB84D /* LaunchScreen.storyboard */ = {
			isa = PBXVariantGroup;
			children = (
				32309C8C2264BB20003FB84D /* Base */,
			);
			name = LaunchScreen.storyboard;
			sourceTree = "<group>";
		};
/* End PBXVariantGroup section */

/* Begin XCBuildConfiguration section */
		32309C8F2264BB20003FB84D /* Debug */ = {
			isa = XCBuildConfiguration;
			buildSettings = {
				ALWAYS_SEARCH_USER_PATHS = NO;
				CLANG_ANALYZER_NONNULL = YES;
				CLANG_ANALYZER_NUMBER_OBJECT_CONVERSION = YES_AGGRESSIVE;
				CLANG_CXX_LANGUAGE_STANDARD = "gnu++14";
				CLANG_CXX_LIBRARY = "libc++";
				CLANG_ENABLE_MODULES = YES;
				CLANG_ENABLE_OBJC_ARC = YES;
				CLANG_ENABLE_OBJC_WEAK = YES;
				CLANG_WARN_BLOCK_CAPTURE_AUTORELEASING = YES;
				CLANG_WARN_BOOL_CONVERSION = YES;
				CLANG_WARN_COMMA = YES;
				CLANG_WARN_CONSTANT_CONVERSION = YES;
				CLANG_WARN_DEPRECATED_OBJC_IMPLEMENTATIONS = YES;
				CLANG_WARN_DIRECT_OBJC_ISA_USAGE = YES_ERROR;
				CLANG_WARN_DOCUMENTATION_COMMENTS = YES;
				CLANG_WARN_EMPTY_BODY = YES;
				CLANG_WARN_ENUM_CONVERSION = YES;
				CLANG_WARN_INFINITE_RECURSION = YES;
				CLANG_WARN_INT_CONVERSION = YES;
				CLANG_WARN_NON_LITERAL_NULL_CONVERSION = YES;
				CLANG_WARN_OBJC_IMPLICIT_RETAIN_SELF = YES;
				CLANG_WARN_OBJC_LITERAL_CONVERSION = YES;
				CLANG_WARN_OBJC_ROOT_CLASS = YES_ERROR;
				CLANG_WARN_RANGE_LOOP_ANALYSIS = YES;
				CLANG_WARN_STRICT_PROTOTYPES = YES;
				CLANG_WARN_SUSPICIOUS_MOVE = YES;
				CLANG_WARN_UNGUARDED_AVAILABILITY = YES_AGGRESSIVE;
				CLANG_WARN_UNREACHABLE_CODE = YES;
				CLANG_WARN__DUPLICATE_METHOD_MATCH = YES;
				CODE_SIGN_IDENTITY = "iPhone Developer";
				COPY_PHASE_STRIP = NO;
				DEBUG_INFORMATION_FORMAT = dwarf;
				ENABLE_STRICT_OBJC_MSGSEND = YES;
				ENABLE_TESTABILITY = YES;
				GCC_C_LANGUAGE_STANDARD = gnu11;
				GCC_DYNAMIC_NO_PIC = NO;
				GCC_NO_COMMON_BLOCKS = YES;
				GCC_OPTIMIZATION_LEVEL = 0;
				GCC_PREPROCESSOR_DEFINITIONS = (
					"DEBUG=1",
					"$(inherited)",
				);
				GCC_WARN_64_TO_32_BIT_CONVERSION = YES;
				GCC_WARN_ABOUT_RETURN_TYPE = YES_ERROR;
				GCC_WARN_UNDECLARED_SELECTOR = YES;
				GCC_WARN_UNINITIALIZED_AUTOS = YES_AGGRESSIVE;
				GCC_WARN_UNUSED_FUNCTION = YES;
				GCC_WARN_UNUSED_VARIABLE = YES;
				IPHONEOS_DEPLOYMENT_TARGET = 12.2;
				MTL_ENABLE_DEBUG_INFO = INCLUDE_SOURCE;
				MTL_FAST_MATH = YES;
				ONLY_ACTIVE_ARCH = YES;
				SDKROOT = iphoneos;
				SWIFT_ACTIVE_COMPILATION_CONDITIONS = DEBUG;
				SWIFT_OPTIMIZATION_LEVEL = "-Onone";
			};
			name = Debug;
		};
		32309C902264BB20003FB84D /* Release */ = {
			isa = XCBuildConfiguration;
			buildSettings = {
				ALWAYS_SEARCH_USER_PATHS = NO;
				CLANG_ANALYZER_NONNULL = YES;
				CLANG_ANALYZER_NUMBER_OBJECT_CONVERSION = YES_AGGRESSIVE;
				CLANG_CXX_LANGUAGE_STANDARD = "gnu++14";
				CLANG_CXX_LIBRARY = "libc++";
				CLANG_ENABLE_MODULES = YES;
				CLANG_ENABLE_OBJC_ARC = YES;
				CLANG_ENABLE_OBJC_WEAK = YES;
				CLANG_WARN_BLOCK_CAPTURE_AUTORELEASING = YES;
				CLANG_WARN_BOOL_CONVERSION = YES;
				CLANG_WARN_COMMA = YES;
				CLANG_WARN_CONSTANT_CONVERSION = YES;
				CLANG_WARN_DEPRECATED_OBJC_IMPLEMENTATIONS = YES;
				CLANG_WARN_DIRECT_OBJC_ISA_USAGE = YES_ERROR;
				CLANG_WARN_DOCUMENTATION_COMMENTS = YES;
				CLANG_WARN_EMPTY_BODY = YES;
				CLANG_WARN_ENUM_CONVERSION = YES;
				CLANG_WARN_INFINITE_RECURSION = YES;
				CLANG_WARN_INT_CONVERSION = YES;
				CLANG_WARN_NON_LITERAL_NULL_CONVERSION = YES;
				CLANG_WARN_OBJC_IMPLICIT_RETAIN_SELF = YES;
				CLANG_WARN_OBJC_LITERAL_CONVERSION = YES;
				CLANG_WARN_OBJC_ROOT_CLASS = YES_ERROR;
				CLANG_WARN_RANGE_LOOP_ANALYSIS = YES;
				CLANG_WARN_STRICT_PROTOTYPES = YES;
				CLANG_WARN_SUSPICIOUS_MOVE = YES;
				CLANG_WARN_UNGUARDED_AVAILABILITY = YES_AGGRESSIVE;
				CLANG_WARN_UNREACHABLE_CODE = YES;
				CLANG_WARN__DUPLICATE_METHOD_MATCH = YES;
				CODE_SIGN_IDENTITY = "iPhone Developer";
				COPY_PHASE_STRIP = NO;
				DEBUG_INFORMATION_FORMAT = "dwarf-with-dsym";
				ENABLE_NS_ASSERTIONS = NO;
				ENABLE_STRICT_OBJC_MSGSEND = YES;
				GCC_C_LANGUAGE_STANDARD = gnu11;
				GCC_NO_COMMON_BLOCKS = YES;
				GCC_WARN_64_TO_32_BIT_CONVERSION = YES;
				GCC_WARN_ABOUT_RETURN_TYPE = YES_ERROR;
				GCC_WARN_UNDECLARED_SELECTOR = YES;
				GCC_WARN_UNINITIALIZED_AUTOS = YES_AGGRESSIVE;
				GCC_WARN_UNUSED_FUNCTION = YES;
				GCC_WARN_UNUSED_VARIABLE = YES;
				IPHONEOS_DEPLOYMENT_TARGET = 12.2;
				MTL_ENABLE_DEBUG_INFO = NO;
				MTL_FAST_MATH = YES;
				SDKROOT = iphoneos;
				SWIFT_COMPILATION_MODE = wholemodule;
				SWIFT_OPTIMIZATION_LEVEL = "-O";
				VALIDATE_PRODUCT = YES;
			};
			name = Release;
		};
		32309C922264BB20003FB84D /* Debug */ = {
			isa = XCBuildConfiguration;
			buildSettings = {
				ASSETCATALOG_COMPILER_APPICON_NAME = AppIcon;
				CODE_SIGN_STYLE = Automatic;
				INFOPLIST_FILE = shout_out/Info.plist;
				LD_RUNPATH_SEARCH_PATHS = (
					"$(inherited)",
					"@executable_path/Frameworks",
				);
				PRODUCT_BUNDLE_IDENTIFIER = "shiboy-aaashot.shout-out";
				PRODUCT_NAME = "$(TARGET_NAME)";
				SWIFT_VERSION = 5.0;
				TARGETED_DEVICE_FAMILY = "1,2";
			};
			name = Debug;
		};
		32309C932264BB20003FB84D /* Release */ = {
			isa = XCBuildConfiguration;
			buildSettings = {
				ASSETCATALOG_COMPILER_APPICON_NAME = AppIcon;
				CODE_SIGN_STYLE = Automatic;
				INFOPLIST_FILE = shout_out/Info.plist;
				LD_RUNPATH_SEARCH_PATHS = (
					"$(inherited)",
					"@executable_path/Frameworks",
				);
				PRODUCT_BUNDLE_IDENTIFIER = "shiboy-aaashot.shout-out";
				PRODUCT_NAME = "$(TARGET_NAME)";
				SWIFT_VERSION = 5.0;
				TARGETED_DEVICE_FAMILY = "1,2";
			};
			name = Release;
		};
/* End XCBuildConfiguration section */

/* Begin XCConfigurationList section */
		32309C7A2264BB20003FB84D /* Build configuration list for PBXProject "shout_out" */ = {
			isa = XCConfigurationList;
			buildConfigurations = (
				32309C8F2264BB20003FB84D /* Debug */,
				32309C902264BB20003FB84D /* Release */,
			);
			defaultConfigurationIsVisible = 0;
			defaultConfigurationName = Release;
		};
		32309C912264BB20003FB84D /* Build configuration list for PBXNativeTarget "shout_out" */ = {
			isa = XCConfigurationList;
			buildConfigurations = (
				32309C922264BB20003FB84D /* Debug */,
				32309C932264BB20003FB84D /* Release */,
			);
			defaultConfigurationIsVisible = 0;
			defaultConfigurationName = Release;
		};
/* End XCConfigurationList section */
	};
	rootObject = 32309C772264BB20003FB84D /* Project object */;
}
